
Microsoft Visual Studio Solution File, Format Version 12.00
# Visual Studio Version 17
VisualStudioVersion = 17.10.35122.118
MinimumVisualStudioVersion = 10.0.40219.1
Project("{FAE04EC0-301F-11D3-BF4B-00C04F79EFBC}") = "TesmoQA", "TesmoQA.csproj", "{21A0CBDF-83AC-4955-882B-15E81D2D42B1}"
EndProject
Global
	GlobalSection(SolutionConfigurationPlatforms) = preSolution
		Debug|Any CPU = Debug|Any CPU
		Release|Any CPU = Release|Any CPU
	EndGlobalSection
	GlobalSection(ProjectConfigurationPlatforms) = postSolution
		{21A0CBDF-83AC-4955-882B-15E81D2D42B1}.Debug|Any CPU.ActiveCfg = Debug|Any CPU
		{21A0CBDF-83AC-4955-882B-15E81D2D42B1}.Debug|Any CPU.Build.0 = Debug|Any CPU
		{21A0CBDF-83AC-4955-882B-15E81D2D42B1}.Release|Any CPU.ActiveCfg = Release|Any CPU
		{21A0CBDF-83AC-4955-882B-15E81D2D42B1}.Release|Any CPU.Build.0 = Release|Any CPU
	EndGlobalSection
	GlobalSection(SolutionProperties) = preSolution
		HideSolutionNode = FALSE
	EndGlobalSection
	GlobalSection(ExtensibilityGlobals) = postSolution
		SolutionGuid = {3339588B-CD8B-48B3-ADF9-843998E45250}
	EndGlobalSection
EndGlobal
